
Microsoft Visual Studio Solution File, Format Version 12.00
# Visual Studio Version 17
VisualStudioVersion = 17.7.34031.279
MinimumVisualStudioVersion = 10.0.40219.1
Project("{8BC9CEB8-8B4A-11D0-8D11-00A0C91BC942}") = "5", "..\..\source\repos\5\5\5.vcxproj", "{BB047403-27B1-47C5-B808-68A67B29296B}"
EndProject
Global
	GlobalSection(SolutionConfigurationPlatforms) = preSolution
		Debug|x64 = Debug|x64
		Debug|x86 = Debug|x86
		Release|x64 = Release|x64
		Release|x86 = Release|x86
	EndGlobalSection
	GlobalSection(ProjectConfigurationPlatforms) = postSolution
		{BB047403-27B1-47C5-B808-68A67B29296B}.Debug|x64.ActiveCfg = Debug|x64
		{BB047403-27B1-47C5-B808-68A67B29296B}.Debug|x64.Build.0 = Debug|x64
		{BB047403-27B1-47C5-B808-68A67B29296B}.Debug|x86.ActiveCfg = Debug|Win32
		{BB047403-27B1-47C5-B808-68A67B29296B}.Debug|x86.Build.0 = Debug|Win32
		{BB047403-27B1-47C5-B808-68A67B29296B}.Release|x64.ActiveCfg = Release|x64
		{BB047403-27B1-47C5-B808-68A67B29296B}.Release|x64.Build.0 = Release|x64
		{BB047403-27B1-47C5-B808-68A67B29296B}.Release|x86.ActiveCfg = Release|Win32
		{BB047403-27B1-47C5-B808-68A67B29296B}.Release|x86.Build.0 = Release|Win32
	EndGlobalSection
	GlobalSection(SolutionProperties) = preSolution
		HideSolutionNode = FALSE
	EndGlobalSection
	GlobalSection(ExtensibilityGlobals) = postSolution
		SolutionGuid = {7A05B901-8BD7-4728-9744-F3A4BFF4D108}
	EndGlobalSection
EndGlobal
